
Microsoft Visual Studio Solution File, Format Version 12.00
# Visual Studio Version 17
VisualStudioVersion = 17.8.34511.84
MinimumVisualStudioVersion = 10.0.40219.1
Project("{9A19103F-16F7-4668-BE54-9A1E7A4F7556}") = "API", "API.csproj", "{A2ADB4CE-F6E8-4C70-A546-7308052CCF70}"
EndProject
Project("{9A19103F-16F7-4668-BE54-9A1E7A4F7556}") = "Payment", "..\..\Payment\Payment.csproj", "{BB2DF3C0-30B2-4447-9ADE-5DC58F364807}"
EndProject
Global
	GlobalSection(SolutionConfigurationPlatforms) = preSolution
		Debug|Any CPU = Debug|Any CPU
		Release|Any CPU = Release|Any CPU
	EndGlobalSection
	GlobalSection(ProjectConfigurationPlatforms) = postSolution
		{A2ADB4CE-F6E8-4C70-A546-7308052CCF70}.Debug|Any CPU.ActiveCfg = Debug|Any CPU
		{A2ADB4CE-F6E8-4C70-A546-7308052CCF70}.Debug|Any CPU.Build.0 = Debug|Any CPU
		{A2ADB4CE-F6E8-4C70-A546-7308052CCF70}.Release|Any CPU.ActiveCfg = Release|Any CPU
		{A2ADB4CE-F6E8-4C70-A546-7308052CCF70}.Release|Any CPU.Build.0 = Release|Any CPU
		{BB2DF3C0-30B2-4447-9ADE-5DC58F364807}.Debug|Any CPU.ActiveCfg = Debug|Any CPU
		{BB2DF3C0-30B2-4447-9ADE-5DC58F364807}.Debug|Any CPU.Build.0 = Debug|Any CPU
		{BB2DF3C0-30B2-4447-9ADE-5DC58F364807}.Release|Any CPU.ActiveCfg = Release|Any CPU
		{BB2DF3C0-30B2-4447-9ADE-5DC58F364807}.Release|Any CPU.Build.0 = Release|Any CPU
	EndGlobalSection
	GlobalSection(SolutionProperties) = preSolution
		HideSolutionNode = FALSE
	EndGlobalSection
	GlobalSection(ExtensibilityGlobals) = postSolution
		SolutionGuid = {4DAF25CE-DC09-417F-95B5-BA365FE60253}
	EndGlobalSection
EndGlobal
